
Microsoft Visual Studio Solution File, Format Version 12.00
# Visual Studio Version 16
VisualStudioVersion = 16.0.31205.134
MinimumVisualStudioVersion = 10.0.40219.1
Project("{FAE04EC0-301F-11D3-BF4B-00C04F79EFBC}") = "GasApp.UWP", "GasApp.UWP\GasApp.UWP.csproj", "{ABAA1B34-FC62-4F8E-82BA-EAAC5A704E66}"
EndProject
Project("{FAE04EC0-301F-11D3-BF4B-00C04F79EFBC}") = "GasApp.Android", "GasApp.Android\GasApp.Android.csproj", "{32966C6C-F6A2-4290-A57B-6C641A1748CD}"
EndProject
Project("{FAE04EC0-301F-11D3-BF4B-00C04F79EFBC}") = "GasApp.iOS", "GasApp.iOS\GasApp.iOS.csproj", "{2973BB61-BCA9-4F06-82A1-5A09677AEC22}"
EndProject
Project("{FAE04EC0-301F-11D3-BF4B-00C04F79EFBC}") = "GasApp", "GasApp\GasApp.csproj", "{42EFA0C4-C3FF-4A0F-8F86-EC427CE60D70}"
EndProject
Global
	GlobalSection(SolutionConfigurationPlatforms) = preSolution
		Debug|Any CPU = Debug|Any CPU
		Debug|ARM = Debug|ARM
		Debug|iPhone = Debug|iPhone
		Debug|iPhoneSimulator = Debug|iPhoneSimulator
		Debug|x64 = Debug|x64
		Debug|x86 = Debug|x86
		Release|Any CPU = Release|Any CPU
		Release|ARM = Release|ARM
		Release|iPhone = Release|iPhone
		Release|iPhoneSimulator = Release|iPhoneSimulator
		Release|x64 = Release|x64
		Release|x86 = Release|x86
	EndGlobalSection
	GlobalSection(ProjectConfigurationPlatforms) = postSolution
		{ABAA1B34-FC62-4F8E-82BA-EAAC5A704E66}.Debug|Any CPU.ActiveCfg = Debug|x86
		{ABAA1B34-FC62-4F8E-82BA-EAAC5A704E66}.Debug|Any CPU.Build.0 = Debug|x86
		{ABAA1B34-FC62-4F8E-82BA-EAAC5A704E66}.Debug|Any CPU.Deploy.0 = Debug|x86
		{ABAA1B34-FC62-4F8E-82BA-EAAC5A704E66}.Debug|ARM.ActiveCfg = Debug|ARM
		{ABAA1B34-FC62-4F8E-82BA-EAAC5A704E66}.Debug|ARM.Build.0 = Debug|ARM
		{ABAA1B34-FC62-4F8E-82BA-EAAC5A704E66}.Debug|ARM.Deploy.0 = Debug|ARM
		{ABAA1B34-FC62-4F8E-82BA-EAAC5A704E66}.Debug|iPhone.ActiveCfg = Debug|x86
		{ABAA1B34-FC62-4F8E-82BA-EAAC5A704E66}.Debug|iPhone.Build.0 = Debug|x86
		{ABAA1B34-FC62-4F8E-82BA-EAAC5A704E66}.Debug|iPhone.Deploy.0 = Debug|x86
		{ABAA1B34-FC62-4F8E-82BA-EAAC5A704E66}.Debug|iPhoneSimulator.ActiveCfg = Debug|x86
		{ABAA1B34-FC62-4F8E-82BA-EAAC5A704E66}.Debug|iPhoneSimulator.Build.0 = Debug|x86
		{ABAA1B34-FC62-4F8E-82BA-EAAC5A704E66}.Debug|iPhoneSimulator.Deploy.0 = Debug|x86
		{ABAA1B34-FC62-4F8E-82BA-EAAC5A704E66}.Debug|x64.ActiveCfg = Debug|x64
		{ABAA1B34-FC62-4F8E-82BA-EAAC5A704E66}.Debug|x64.Build.0 = Debug|x64
		{ABAA1B34-FC62-4F8E-82BA-EAAC5A704E66}.Debug|x64.Deploy.0 = Debug|x64
		{ABAA1B34-FC62-4F8E-82BA-EAAC5A704E66}.Debug|x86.ActiveCfg = Debug|x86
		{ABAA1B34-FC62-4F8E-82BA-EAAC5A704E66}.Debug|x86.Build.0 = Debug|x86
		{ABAA1B34-FC62-4F8E-82BA-EAAC5A704E66}.Debug|x86.Deploy.0 = Debug|x86
		{ABAA1B34-FC62-4F8E-82BA-EAAC5A704E66}.Release|Any CPU.ActiveCfg = Release|x86
		{ABAA1B34-FC62-4F8E-82BA-EAAC5A704E66}.Release|Any CPU.Build.0 = Release|x86
		{ABAA1B34-FC62-4F8E-82BA-EAAC5A704E66}.Release|Any CPU.Deploy.0 = Release|x86
		{ABAA1B34-FC62-4F8E-82BA-EAAC5A704E66}.Release|ARM.ActiveCfg = Release|ARM
		{ABAA1B34-FC62-4F8E-82BA-EAAC5A704E66}.Release|ARM.Build.0 = Release|ARM
		{ABAA1B34-FC62-4F8E-82BA-EAAC5A704E66}.Release|ARM.Deploy.0 = Release|ARM
		{ABAA1B34-FC62-4F8E-82BA-EAAC5A704E66}.Release|iPhone.ActiveCfg = Release|x86
		{ABAA1B34-FC62-4F8E-82BA-EAAC5A704E66}.Release|iPhone.Build.0 = Release|x86
		{ABAA1B34-FC62-4F8E-82BA-EAAC5A704E66}.Release|iPhone.Deploy.0 = Release|x86
		{ABAA1B34-FC62-4F8E-82BA-EAAC5A704E66}.Release|iPhoneSimulator.ActiveCfg = Release|x86
		{ABAA1B34-FC62-4F8E-82BA-EAAC5A704E66}.Release|iPhoneSimulator.Build.0 = Release|x86
		{ABAA1B34-FC62-4F8E-82BA-EAAC5A704E66}.Release|iPhoneSimulator.Deploy.0 = Release|x86
		{ABAA1B34-FC62-4F8E-82BA-EAAC5A704E66}.Release|x64.ActiveCfg = Release|x64
		{ABAA1B34-FC62-4F8E-82BA-EAAC5A704E66}.Release|x64.Build.0 = Release|x64
		{ABAA1B34-FC62-4F8E-82BA-EAAC5A704E66}.Release|x64.Deploy.0 = Release|x64
		{ABAA1B34-FC62-4F8E-82BA-EAAC5A704E66}.Release|x86.ActiveCfg = Release|x86
		{ABAA1B34-FC62-4F8E-82BA-EAAC5A704E66}.Release|x86.Build.0 = Release|x86
		{ABAA1B34-FC62-4F8E-82BA-EAAC5A704E66}.Release|x86.Deploy.0 = Release|x86
		{32966C6C-F6A2-4290-A57B-6C641A1748CD}.Debug|Any CPU.ActiveCfg = Debug|Any CPU
		{32966C6C-F6A2-4290-A57B-6C641A1748CD}.Debug|Any CPU.Build.0 = Debug|Any CPU
		{32966C6C-F6A2-4290-A57B-6C641A1748CD}.Debug|Any CPU.Deploy.0 = Debug|Any CPU
		{32966C6C-F6A2-4290-A57B-6C641A1748CD}.Debug|ARM.ActiveCfg = Debug|Any CPU
		{32966C6C-F6A2-4290-A57B-6C641A1748CD}.Debug|ARM.Build.0 = Debug|Any CPU
		{32966C6C-F6A2-4290-A57B-6C641A1748CD}.Debug|ARM.Deploy.0 = Debug|Any CPU
		{32966C6C-F6A2-4290-A57B-6C641A1748CD}.Debug|iPhone.ActiveCfg = Debug|Any CPU
		{32966C6C-F6A2-4290-A57B-6C641A1748CD}.Debug|iPhone.Build.0 = Debug|Any CPU
		{32966C6C-F6A2-4290-A57B-6C641A1748CD}.Debug|iPhone.Deploy.0 = Debug|Any CPU
		{32966C6C-F6A2-4290-A57B-6C641A1748CD}.Debug|iPhoneSimulator.ActiveCfg = Debug|Any CPU
		{32966C6C-F6A2-4290-A57B-6C641A1748CD}.Debug|iPhoneSimulator.Build.0 = Debug|Any CPU
		{32966C6C-F6A2-4290-A57B-6C641A1748CD}.Debug|iPhoneSimulator.Deploy.0 = Debug|Any CPU
		{32966C6C-F6A2-4290-A57B-6C641A1748CD}.Debug|x64.ActiveCfg = Debug|Any CPU
		{32966C6C-F6A2-4290-A57B-6C641A1748CD}.Debug|x64.Build.0 = Debug|Any CPU
		{32966C6C-F6A2-4290-A57B-6C641A1748CD}.Debug|x64.Deploy.0 = Debug|Any CPU
		{32966C6C-F6A2-4290-A57B-6C641A1748CD}.Debug|x86.ActiveCfg = Debug|Any CPU
		{32966C6C-F6A2-4290-A57B-6C641A1748CD}.Debug|x86.Build.0 = Debug|Any CPU
		{32966C6C-F6A2-4290-A57B-6C641A1748CD}.Debug|x86.Deploy.0 = Debug|Any CPU
		{32966C6C-F6A2-4290-A57B-6C641A1748CD}.Release|Any CPU.ActiveCfg = Release|Any CPU
		{32966C6C-F6A2-4290-A57B-6C641A1748CD}.Release|Any CPU.Build.0 = Release|Any CPU
		{32966C6C-F6A2-4290-A57B-6C641A1748CD}.Release|Any CPU.Deploy.0 = Release|Any CPU
		{32966C6C-F6A2-4290-A57B-6C641A1748CD}.Release|ARM.ActiveCfg = Release|Any CPU
		{32966C6C-F6A2-4290-A57B-6C641A1748CD}.Release|ARM.Build.0 = Release|Any CPU
		{32966C6C-F6A2-4290-A57B-6C641A1748CD}.Release|ARM.Deploy.0 = Release|Any CPU
		{32966C6C-F6A2-4290-A57B-6C641A1748CD}.Release|iPhone.ActiveCfg = Release|Any CPU
		{32966C6C-F6A2-4290-A57B-6C641A1748CD}.Release|iPhone.Build.0 = Release|Any CPU
		{32966C6C-F6A2-4290-A57B-6C641A1748CD}.Release|iPhone.Deploy.0 = Release|Any CPU
		{32966C6C-F6A2-4290-A57B-6C641A1748CD}.Release|iPhoneSimulator.ActiveCfg = Release|Any CPU
		{32966C6C-F6A2-4290-A57B-6C641A1748CD}.Release|iPhoneSimulator.Build.0 = Release|Any CPU
		{32966C6C-F6A2-4290-A57B-6C641A1748CD}.Release|iPhoneSimulator.Deploy.0 = Release|Any CPU
		{32966C6C-F6A2-4290-A57B-6C641A1748CD}.Release|x64.ActiveCfg = Release|Any CPU
		{32966C6C-F6A2-4290-A57B-6C641A1748CD}.Release|x64.Build.0 = Release|Any CPU
		{32966C6C-F6A2-4290-A57B-6C641A1748CD}.Release|x64.Deploy.0 = Release|Any CPU
		{32966C6C-F6A2-4290-A57B-6C641A1748CD}.Release|x86.ActiveCfg = Release|Any CPU
		{32966C6C-F6A2-4290-A57B-6C641A1748CD}.Release|x86.Build.0 = Release|Any CPU
		{32966C6C-F6A2-4290-A57B-6C641A1748CD}.Release|x86.Deploy.0 = Release|Any CPU
		{2973BB61-BCA9-4F06-82A1-5A09677AEC22}.Debug|Any CPU.ActiveCfg = Debug|iPhoneSimulator
		{2973BB61-BCA9-4F06-82A1-5A09677AEC22}.Debug|Any CPU.Build.0 = Debug|iPhoneSimulator
		{2973BB61-BCA9-4F06-82A1-5A09677AEC22}.Debug|Any CPU.Deploy.0 = Debug|iPhoneSimulator
		{2973BB61-BCA9-4F06-82A1-5A09677AEC22}.Debug|ARM.ActiveCfg = Debug|iPhone
		{2973BB61-BCA9-4F06-82A1-5A09677AEC22}.Debug|ARM.Build.0 = Debug|iPhone
		{2973BB61-BCA9-4F06-82A1-5A09677AEC22}.Debug|ARM.Deploy.0 = Debug|iPhone
		{2973BB61-BCA9-4F06-82A1-5A09677AEC22}.Debug|iPhone.ActiveCfg = Debug|iPhone
		{2973BB61-BCA9-4F06-82A1-5A09677AEC22}.Debug|iPhone.Build.0 = Debug|iPhone
		{2973BB61-BCA9-4F06-82A1-5A09677AEC22}.Debug|iPhone.Deploy.0 = Debug|iPhone
		{2973BB61-BCA9-4F06-82A1-5A09677AEC22}.Debug|iPhoneSimulator.ActiveCfg = Debug|iPhoneSimulator
		{2973BB61-BCA9-4F06-82A1-5A09677AEC22}.Debug|iPhoneSimulator.Build.0 = Debug|iPhoneSimulator
		{2973BB61-BCA9-4F06-82A1-5A09677AEC22}.Debug|iPhoneSimulator.Deploy.0 = Debug|iPhoneSimulator
		{2973BB61-BCA9-4F06-82A1-5A09677AEC22}.Debug|x64.ActiveCfg = Debug|iPhoneSimulator
		{2973BB61-BCA9-4F06-82A1-5A09677AEC22}.Debug|x64.Build.0 = Debug|iPhoneSimulator
		{2973BB61-BCA9-4F06-82A1-5A09677AEC22}.Debug|x64.Deploy.0 = Debug|iPhoneSimulator
		{2973BB61-BCA9-4F06-82A1-5A09677AEC22}.Debug|x86.ActiveCfg = Debug|iPhoneSimulator
		{2973BB61-BCA9-4F06-82A1-5A09677AEC22}.Debug|x86.Build.0 = Debug|iPhoneSimulator
		{2973BB61-BCA9-4F06-82A1-5A09677AEC22}.Debug|x86.Deploy.0 = Debug|iPhoneSimulator
		{2973BB61-BCA9-4F06-82A1-5A09677AEC22}.Release|Any CPU.ActiveCfg = Release|iPhoneSimulator
		{2973BB61-BCA9-4F06-82A1-5A09677AEC22}.Release|Any CPU.Build.0 = Release|iPhoneSimulator
		{2973BB61-BCA9-4F06-82A1-5A09677AEC22}.Release|Any CPU.Deploy.0 = Release|iPhoneSimulator
		{2973BB61-BCA9-4F06-82A1-5A09677AEC22}.Release|ARM.ActiveCfg = Release|iPhoneSimulator
		{2973BB61-BCA9-4F06-82A1-5A09677AEC22}.Release|ARM.Build.0 = Release|iPhoneSimulator
		{2973BB61-BCA9-4F06-82A1-5A09677AEC22}.Release|ARM.Deploy.0 = Release|iPhoneSimulator
		{2973BB61-BCA9-4F06-82A1-5A09677AEC22}.Release|iPhone.ActiveCfg = Release|iPhone
		{2973BB61-BCA9-4F06-82A1-5A09677AEC22}.Release|iPhone.Build.0 = Release|iPhone
		{2973BB61-BCA9-4F06-82A1-5A09677AEC22}.Release|iPhone.Deploy.0 = Release|iPhone
		{2973BB61-BCA9-4F06-82A1-5A09677AEC22}.Release|iPhoneSimulator.ActiveCfg = Release|iPhoneSimulator
		{2973BB61-BCA9-4F06-82A1-5A09677AEC22}.Release|iPhoneSimulator.Build.0 = Release|iPhoneSimulator
		{2973BB61-BCA9-4F06-82A1-5A09677AEC22}.Release|iPhoneSimulator.Deploy.0 = Release|iPhoneSimulator
		{2973BB61-BCA9-4F06-82A1-5A09677AEC22}.Release|x64.ActiveCfg = Release|iPhoneSimulator
		{2973BB61-BCA9-4F06-82A1-5A09677AEC22}.Release|x64.Build.0 = Release|iPhoneSimulator
		{2973BB61-BCA9-4F06-82A1-5A09677AEC22}.Release|x64.Deploy.0 = Release|iPhoneSimulator
		{2973BB61-BCA9-4F06-82A1-5A09677AEC22}.Release|x86.ActiveCfg = Release|iPhoneSimulator
		{2973BB61-BCA9-4F06-82A1-5A09677AEC22}.Release|x86.Build.0 = Release|iPhoneSimulator
		{2973BB61-BCA9-4F06-82A1-5A09677AEC22}.Release|x86.Deploy.0 = Release|iPhoneSimulator
		{42EFA0C4-C3FF-4A0F-8F86-EC427CE60D70}.Debug|Any CPU.ActiveCfg = Debug|Any CPU
		{42EFA0C4-C3FF-4A0F-8F86-EC427CE60D70}.Debug|Any CPU.Build.0 = Debug|Any CPU
		{42EFA0C4-C3FF-4A0F-8F86-EC427CE60D70}.Debug|Any CPU.Deploy.0 = Debug|Any CPU
		{42EFA0C4-C3FF-4A0F-8F86-EC427CE60D70}.Debug|ARM.ActiveCfg = Debug|Any CPU
		{42EFA0C4-C3FF-4A0F-8F86-EC427CE60D70}.Debug|ARM.Build.0 = Debug|Any CPU
		{42EFA0C4-C3FF-4A0F-8F86-EC427CE60D70}.Debug|ARM.Deploy.0 = Debug|Any CPU
		{42EFA0C4-C3FF-4A0F-8F86-EC427CE60D70}.Debug|iPhone.ActiveCfg = Debug|Any CPU
		{42EFA0C4-C3FF-4A0F-8F86-EC427CE60D70}.Debug|iPhone.Build.0 = Debug|Any CPU
		{42EFA0C4-C3FF-4A0F-8F86-EC427CE60D70}.Debug|iPhone.Deploy.0 = Debug|Any CPU
		{42EFA0C4-C3FF-4A0F-8F86-EC427CE60D70}.Debug|iPhoneSimulator.ActiveCfg = Debug|Any CPU
		{42EFA0C4-C3FF-4A0F-8F86-EC427CE60D70}.Debug|iPhoneSimulator.Build.0 = Debug|Any CPU
		{42EFA0C4-C3FF-4A0F-8F86-EC427CE60D70}.Debug|iPhoneSimulator.Deploy.0 = Debug|Any CPU
		{42EFA0C4-C3FF-4A0F-8F86-EC427CE60D70}.Debug|x64.ActiveCfg = Debug|Any CPU
		{42EFA0C4-C3FF-4A0F-8F86-EC427CE60D70}.Debug|x64.Build.0 = Debug|Any CPU
		{42EFA0C4-C3FF-4A0F-8F86-EC427CE60D70}.Debug|x64.Deploy.0 = Debug|Any CPU
		{42EFA0C4-C3FF-4A0F-8F86-EC427CE60D70}.Debug|x86.ActiveCfg = Debug|Any CPU
		{42EFA0C4-C3FF-4A0F-8F86-EC427CE60D70}.Debug|x86.Build.0 = Debug|Any CPU
		{42EFA0C4-C3FF-4A0F-8F86-EC427CE60D70}.Debug|x86.Deploy.0 = Debug|Any CPU
		{42EFA0C4-C3FF-4A0F-8F86-EC427CE60D70}.Release|Any CPU.ActiveCfg = Release|Any CPU
		{42EFA0C4-C3FF-4A0F-8F86-EC427CE60D70}.Release|Any CPU.Build.0 = Release|Any CPU
		{42EFA0C4-C3FF-4A0F-8F86-EC427CE60D70}.Release|Any CPU.Deploy.0 = Release|Any CPU
		{42EFA0C4-C3FF-4A0F-8F86-EC427CE60D70}.Release|ARM.ActiveCfg = Release|Any CPU
		{42EFA0C4-C3FF-4A0F-8F86-EC427CE60D70}.Release|ARM.Build.0 = Release|Any CPU
		{42EFA0C4-C3FF-4A0F-8F86-EC427CE60D70}.Release|ARM.Deploy.0 = Release|Any CPU
		{42EFA0C4-C3FF-4A0F-8F86-EC427CE60D70}.Release|iPhone.ActiveCfg = Release|Any CPU
		{42EFA0C4-C3FF-4A0F-8F86-EC427CE60D70}.Release|iPhone.Build.0 = Release|Any CPU
		{42EFA0C4-C3FF-4A0F-8F86-EC427CE60D70}.Release|iPhone.Deploy.0 = Release|Any CPU
		{42EFA0C4-C3FF-4A0F-8F86-EC427CE60D70}.Release|iPhoneSimulator.ActiveCfg = Release|Any CPU
		{42EFA0C4-C3FF-4A0F-8F86-EC427CE60D70}.Release|iPhoneSimulator.Build.0 = Release|Any CPU
		{42EFA0C4-C3FF-4A0F-8F86-EC427CE60D70}.Release|iPhoneSimulator.Deploy.0 = Release|Any CPU
		{42EFA0C4-C3FF-4A0F-8F86-EC427CE60D70}.Release|x64.ActiveCfg = Release|Any CPU
		{42EFA0C4-C3FF-4A0F-8F86-EC427CE60D70}.Release|x64.Build.0 = Release|Any CPU
		{42EFA0C4-C3FF-4A0F-8F86-EC427CE60D70}.Release|x64.Deploy.0 = Release|Any CPU
		{42EFA0C4-C3FF-4A0F-8F86-EC427CE60D70}.Release|x86.ActiveCfg = Release|Any CPU
		{42EFA0C4-C3FF-4A0F-8F86-EC427CE60D70}.Release|x86.Build.0 = Release|Any CPU
		{42EFA0C4-C3FF-4A0F-8F86-EC427CE60D70}.Release|x86.Deploy.0 = Release|Any CPU
	EndGlobalSection
	GlobalSection(SolutionProperties) = preSolution
		HideSolutionNode = FALSE
	EndGlobalSection
	GlobalSection(ExtensibilityGlobals) = postSolution
		SolutionGuid = {C47BC443-E715-484D-8D26-D60D0F038ABE}
	EndGlobalSection
EndGlobal
